
Microsoft Visual Studio Solution File, Format Version 12.00
# Visual Studio Version 17
VisualStudioVersion = 17.9.34723.18
MinimumVisualStudioVersion = 10.0.40219.1
Project("{FAE04EC0-301F-11D3-BF4B-00C04F79EFBC}") = "Biodigestor", "Biodigestor\Biodigestor.csproj", "{193F2680-45F3-40CB-87A4-150009017855}"
EndProject
Global
	GlobalSection(SolutionConfigurationPlatforms) = preSolution
		Debug|Any CPU = Debug|Any CPU
		Release|Any CPU = Release|Any CPU
	EndGlobalSection
	GlobalSection(ProjectConfigurationPlatforms) = postSolution
		{193F2680-45F3-40CB-87A4-150009017855}.Debug|Any CPU.ActiveCfg = Debug|Any CPU
		{193F2680-45F3-40CB-87A4-150009017855}.Debug|Any CPU.Build.0 = Debug|Any CPU
		{193F2680-45F3-40CB-87A4-150009017855}.Release|Any CPU.ActiveCfg = Release|Any CPU
		{193F2680-45F3-40CB-87A4-150009017855}.Release|Any CPU.Build.0 = Release|Any CPU
	EndGlobalSection
	GlobalSection(SolutionProperties) = preSolution
		HideSolutionNode = FALSE
	EndGlobalSection
	GlobalSection(ExtensibilityGlobals) = postSolution
		SolutionGuid = {962F9841-344E-4BB3-9D00-03AA9B8552E7}
	EndGlobalSection
EndGlobal
